// !$*UTF8*$!
{
	archiveVersion = 1;
	classes = {
	};
	objectVersion = 46;
	objects = {

/* Begin PBXBuildFile section */
		FB653E251D853B2C009EF30F /* AppDelegate.swift in Sources */ = {isa = PBXBuildFile; fileRef = FB653E241D853B2C009EF30F /* AppDelegate.swift */; };
		FB653E271D853B2C009EF30F /* HomeViewController.swift in Sources */ = {isa = PBXBuildFile; fileRef = FB653E261D853B2C009EF30F /* HomeViewController.swift */; };
		FB653E2C1D853B2C009EF30F /* Assets.xcassets in Resources */ = {isa = PBXBuildFile; fileRef = FB653E2B1D853B2C009EF30F /* Assets.xcassets */; };
		FB653E2F1D853B2C009EF30F /* LaunchScreen.storyboard in Resources */ = {isa = PBXBuildFile; fileRef = FB653E2D1D853B2C009EF30F /* LaunchScreen.storyboard */; };
		FB8880901D8550D30096562B /* VideoCell.swift in Sources */ = {isa = PBXBuildFile; fileRef = FB88808F1D8550D30096562B /* VideoCell.swift */; };
		FB8880921D85EB1F0096562B /* UIView+Extension.swift in Sources */ = {isa = PBXBuildFile; fileRef = FB8880911D85EB1F0096562B /* UIView+Extension.swift */; };
		FBC3BC211D854EF900F2FB5F /* Main.storyboard in Resources */ = {isa = PBXBuildFile; fileRef = FBC3BC1F1D854EF900F2FB5F /* Main.storyboard */; };
/* End PBXBuildFile section */

/* Begin PBXFileReference section */
		FB653E211D853B2C009EF30F /* YouTube.app */ = {isa = PBXFileReference; explicitFileType = wrapper.application; includeInIndex = 0; path = YouTube.app; sourceTree = BUILT_PRODUCTS_DIR; };
		FB653E241D853B2C009EF30F /* AppDelegate.swift */ = {isa = PBXFileReference; lastKnownFileType = sourcecode.swift; path = AppDelegate.swift; sourceTree = "<group>"; };
		FB653E261D853B2C009EF30F /* HomeViewController.swift */ = {isa = PBXFileReference; lastKnownFileType = sourcecode.swift; path = HomeViewController.swift; sourceTree = "<group>"; };
		FB653E2B1D853B2C009EF30F /* Assets.xcassets */ = {isa = PBXFileReference; lastKnownFileType = folder.assetcatalog; path = Assets.xcassets; sourceTree = "<group>"; };
		FB653E2E1D853B2C009EF30F /* Base */ = {isa = PBXFileReference; lastKnownFileType = file.storyboard; name = Base; path = Base.lproj/LaunchScreen.storyboard; sourceTree = "<group>"; };
		FB653E301D853B2C009EF30F /* Info.plist */ = {isa = PBXFileReference; lastKnownFileType = text.plist.xml; path = Info.plist; sourceTree = "<group>"; };
		FB88808F1D8550D30096562B /* VideoCell.swift */ = {isa = PBXFileReference; fileEncoding = 4; lastKnownFileType = sourcecode.swift; path = VideoCell.swift; sourceTree = "<group>"; };
		FB8880911D85EB1F0096562B /* UIView+Extension.swift */ = {isa = PBXFileReference; fileEncoding = 4; lastKnownFileType = sourcecode.swift; path = "UIView+Extension.swift"; sourceTree = "<group>"; };
		FBC3BC201D854EF900F2FB5F /* Base */ = {isa = PBXFileReference; lastKnownFileType = file.storyboard; name = Base; path = Base.lproj/Main.storyboard; sourceTree = "<group>"; };
/* End PBXFileReference section */

/* Begin PBXFrameworksBuildPhase section */
		FB653E1E1D853B2C009EF30F /* Frameworks */ = {
			isa = PBXFrameworksBuildPhase;
			buildActionMask = 2147483647;
			files = (
			);
			runOnlyForDeploymentPostprocessing = 0;
		};
/* End PBXFrameworksBuildPhase section */

/* Begin PBXGroup section */
		FB653E181D853B2C009EF30F = {
			isa = PBXGroup;
			children = (
				FB653E231D853B2C009EF30F /* YouTube */,
				FB653E221D853B2C009EF30F /* Products */,
			);
			sourceTree = "<group>";
		};
		FB653E221D853B2C009EF30F /* Products */ = {
			isa = PBXGroup;
			children = (
				FB653E211D853B2C009EF30F /* YouTube.app */,
			);
			name = Products;
			sourceTree = "<group>";
		};
		FB653E231D853B2C009EF30F /* YouTube */ = {
			isa = PBXGroup;
			children = (
				FB653E241D853B2C009EF30F /* AppDelegate.swift */,
				FB653E261D853B2C009EF30F /* HomeViewController.swift */,
				FB88808F1D8550D30096562B /* VideoCell.swift */,
				FBC3BC1F1D854EF900F2FB5F /* Main.storyboard */,
				FB653E2B1D853B2C009EF30F /* Assets.xcassets */,
				FB653E2D1D853B2C009EF30F /* LaunchScreen.storyboard */,
				FB653E301D853B2C009EF30F /* Info.plist */,
				FB8880911D85EB1F0096562B /* UIView+Extension.swift */,
			);
			path = YouTube;
			sourceTree = "<group>";
		};
/* End PBXGroup section */

/* Begin PBXNativeTarget section */
		FB653E201D853B2C009EF30F /* YouTube */ = {
			isa = PBXNativeTarget;
			buildConfigurationList = FB653E331D853B2C009EF30F /* Build configuration list for PBXNativeTarget "YouTube" */;
			buildPhases = (
				FB653E1D1D853B2C009EF30F /* Sources */,
				FB653E1E1D853B2C009EF30F /* Frameworks */,
				FB653E1F1D853B2C009EF30F /* Resources */,
			);
			buildRules = (
			);
			dependencies = (
			);
			name = YouTube;
			productName = YouTube;
			productReference = FB653E211D853B2C009EF30F /* YouTube.app */;
			productType = "com.apple.product-type.application";
		};
/* End PBXNativeTarget section */

/* Begin PBXProject section */
		FB653E191D853B2C009EF30F /* Project object */ = {
			isa = PBXProject;
			attributes = {
				LastSwiftUpdateCheck = 0800;
				LastUpgradeCheck = 0800;
				ORGANIZATIONNAME = Ronaldoh1;
				TargetAttributes = {
					FB653E201D853B2C009EF30F = {
						CreatedOnToolsVersion = 8.0;
						DevelopmentTeam = A37GTC4NZF;
						ProvisioningStyle = Automatic;
					};
				};
			};
			buildConfigurationList = FB653E1C1D853B2C009EF30F /* Build configuration list for PBXProject "YouTube" */;
			compatibilityVersion = "Xcode 3.2";
			developmentRegion = English;
			hasScannedForEncodings = 0;
			knownRegions = (
				en,
				Base,
			);
			mainGroup = FB653E181D853B2C009EF30F;
			productRefGroup = FB653E221D853B2C009EF30F /* Products */;
			projectDirPath = "";
			projectRoot = "";
			targets = (
				FB653E201D853B2C009EF30F /* YouTube */,
			);
		};
/* End PBXProject section */

/* Begin PBXResourcesBuildPhase section */
		FB653E1F1D853B2C009EF30F /* Resources */ = {
			isa = PBXResourcesBuildPhase;
			buildActionMask = 2147483647;
			files = (
				FBC3BC211D854EF900F2FB5F /* Main.storyboard in Resources */,
				FB653E2F1D853B2C009EF30F /* LaunchScreen.storyboard in Resources */,
				FB653E2C1D853B2C009EF30F /* Assets.xcassets in Resources */,
			);
			runOnlyForDeploymentPostprocessing = 0;
		};
/* End PBXResourcesBuildPhase section */

/* Begin PBXSourcesBuildPhase section */
		FB653E1D1D853B2C009EF30F /* Sources */ = {
			isa = PBXSourcesBuildPhase;
			buildActionMask = 2147483647;
			files = (
				FB653E271D853B2C009EF30F /* HomeViewController.swift in Sources */,
				FB653E251D853B2C009EF30F /* AppDelegate.swift in Sources */,
				FB8880921D85EB1F0096562B /* UIView+Extension.swift in Sources */,
				FB8880901D8550D30096562B /* VideoCell.swift in Sources */,
			);
			runOnlyForDeploymentPostprocessing = 0;
		};
/* End PBXSourcesBuildPhase section */

/* Begin PBXVariantGroup section */
		FB653E2D1D853B2C009EF30F /* LaunchScreen.storyboard */ = {
			isa = PBXVariantGroup;
			children = (
				FB653E2E1D853B2C009EF30F /* Base */,
			);
			name = LaunchScreen.storyboard;
			sourceTree = "<group>";
		};
		FBC3BC1F1D854EF900F2FB5F /* Main.storyboard */ = {
			isa = PBXVariantGroup;
			children = (
				FBC3BC201D854EF900F2FB5F /* Base */,
			);
			name = Main.storyboard;
			sourceTree = "<group>";
		};
/* End PBXVariantGroup section */

/* Begin XCBuildConfiguration section */
		FB653E311D853B2C009EF30F /* Debug */ = {
			isa = XCBuildConfiguration;
			buildSettings = {
				ALWAYS_SEARCH_USER_PATHS = NO;
				CLANG_ANALYZER_NONNULL = YES;
				CLANG_CXX_LANGUAGE_STANDARD = "gnu++0x";
				CLANG_CXX_LIBRARY = "libc++";
				CLANG_ENABLE_MODULES = YES;
				CLANG_ENABLE_OBJC_ARC = YES;
				CLANG_WARN_BOOL_CONVERSION = YES;
				CLANG_WARN_CONSTANT_CONVERSION = YES;
				CLANG_WARN_DIRECT_OBJC_ISA_USAGE = YES_ERROR;
				CLANG_WARN_DOCUMENTATION_COMMENTS = YES;
				CLANG_WARN_EMPTY_BODY = YES;
				CLANG_WARN_ENUM_CONVERSION = YES;
				CLANG_WARN_INFINITE_RECURSION = YES;
				CLANG_WARN_INT_CONVERSION = YES;
				CLANG_WARN_OBJC_ROOT_CLASS = YES_ERROR;
				CLANG_WARN_SUSPICIOUS_MOVES = YES;
				CLANG_WARN_UNREACHABLE_CODE = YES;
				CLANG_WARN__DUPLICATE_METHOD_MATCH = YES;
				"CODE_SIGN_IDENTITY[sdk=iphoneos*]" = "iPhone Developer";
				COPY_PHASE_STRIP = NO;
				DEBUG_INFORMATION_FORMAT = dwarf;
				ENABLE_STRICT_OBJC_MSGSEND = YES;
				ENABLE_TESTABILITY = YES;
				GCC_C_LANGUAGE_STANDARD = gnu99;
				GCC_DYNAMIC_NO_PIC = NO;
				GCC_NO_COMMON_BLOCKS = YES;
				GCC_OPTIMIZATION_LEVEL = 0;
				GCC_PREPROCESSOR_DEFINITIONS = (
					"DEBUG=1",
					"$(inherited)",
				);
				GCC_WARN_64_TO_32_BIT_CONVERSION = YES;
				GCC_WARN_ABOUT_RETURN_TYPE = YES_ERROR;
				GCC_WARN_UNDECLARED_SELECTOR = YES;
				GCC_WARN_UNINITIALIZED_AUTOS = YES_AGGRESSIVE;
				GCC_WARN_UNUSED_FUNCTION = YES;
				GCC_WARN_UNUSED_VARIABLE = YES;
				IPHONEOS_DEPLOYMENT_TARGET = 10.0;
				MTL_ENABLE_DEBUG_INFO = YES;
				ONLY_ACTIVE_ARCH = YES;
				SDKROOT = iphoneos;
				SWIFT_ACTIVE_COMPILATION_CONDITIONS = DEBUG;
				SWIFT_OPTIMIZATION_LEVEL = "-Onone";
				TARGETED_DEVICE_FAMILY = "1,2";
			};
			name = Debug;
		};
		FB653E321D853B2C009EF30F /* Release */ = {
			isa = XCBuildConfiguration;
			buildSettings = {
				ALWAYS_SEARCH_USER_PATHS = NO;
				CLANG_ANALYZER_NONNULL = YES;
				CLANG_CXX_LANGUAGE_STANDARD = "gnu++0x";
				CLANG_CXX_LIBRARY = "libc++";
				CLANG_ENABLE_MODULES = YES;
				CLANG_ENABLE_OBJC_ARC = YES;
				CLANG_WARN_BOOL_CONVERSION = YES;
				CLANG_WARN_CONSTANT_CONVERSION = YES;
				CLANG_WARN_DIRECT_OBJC_ISA_USAGE = YES_ERROR;
				CLANG_WARN_DOCUMENTATION_COMMENTS = YES;
				CLANG_WARN_EMPTY_BODY = YES;
				CLANG_WARN_ENUM_CONVERSION = YES;
				CLANG_WARN_INFINITE_RECURSION = YES;
				CLANG_WARN_INT_CONVERSION = YES;
				CLANG_WARN_OBJC_ROOT_CLASS = YES_ERROR;
				CLANG_WARN_SUSPICIOUS_MOVES = YES;
				CLANG_WARN_UNREACHABLE_CODE = YES;
				CLANG_WARN__DUPLICATE_METHOD_MATCH = YES;
				"CODE_SIGN_IDENTITY[sdk=iphoneos*]" = "iPhone Developer";
				COPY_PHASE_STRIP = NO;
				DEBUG_INFORMATION_FORMAT = "dwarf-with-dsym";
				ENABLE_NS_ASSERTIONS = NO;
				ENABLE_STRICT_OBJC_MSGSEND = YES;
				GCC_C_LANGUAGE_STANDARD = gnu99;
				GCC_NO_COMMON_BLOCKS = YES;
				GCC_WARN_64_TO_32_BIT_CONVERSION = YES;
				GCC_WARN_ABOUT_RETURN_TYPE = YES_ERROR;
				GCC_WARN_UNDECLARED_SELECTOR = YES;
				GCC_WARN_UNINITIALIZED_AUTOS = YES_AGGRESSIVE;
				GCC_WARN_UNUSED_FUNCTION = YES;
				GCC_WARN_UNUSED_VARIABLE = YES;
				IPHONEOS_DEPLOYMENT_TARGET = 10.0;
				MTL_ENABLE_DEBUG_INFO = NO;
				SDKROOT = iphoneos;
				SWIFT_OPTIMIZATION_LEVEL = "-Owholemodule";
				TARGETED_DEVICE_FAMILY = "1,2";
				VALIDATE_PRODUCT = YES;
			};
			name = Release;
		};
		FB653E341D853B2C009EF30F /* Debug */ = {
			isa = XCBuildConfiguration;
			buildSettings = {
				ASSETCATALOG_COMPILER_APPICON_NAME = AppIcon;
				DEVELOPMENT_TEAM = A37GTC4NZF;
				INFOPLIST_FILE = YouTube/Info.plist;
				LD_RUNPATH_SEARCH_PATHS = "$(inherited) @executable_path/Frameworks";
				PRODUCT_BUNDLE_IDENTIFIER = Ronaldoh1.YouTube;
				PRODUCT_NAME = "$(TARGET_NAME)";
				SWIFT_VERSION = 3.0;
			};
			name = Debug;
		};
		FB653E351D853B2C009EF30F /* Release */ = {
			isa = XCBuildConfiguration;
			buildSettings = {
				ASSETCATALOG_COMPILER_APPICON_NAME = AppIcon;
				DEVELOPMENT_TEAM = A37GTC4NZF;
				INFOPLIST_FILE = YouTube/Info.plist;
				LD_RUNPATH_SEARCH_PATHS = "$(inherited) @executable_path/Frameworks";
				PRODUCT_BUNDLE_IDENTIFIER = Ronaldoh1.YouTube;
				PRODUCT_NAME = "$(TARGET_NAME)";
				SWIFT_VERSION = 3.0;
			};
			name = Release;
		};
/* End XCBuildConfiguration section */

/* Begin XCConfigurationList section */
		FB653E1C1D853B2C009EF30F /* Build configuration list for PBXProject "YouTube" */ = {
			isa = XCConfigurationList;
			buildConfigurations = (
				FB653E311D853B2C009EF30F /* Debug */,
				FB653E321D853B2C009EF30F /* Release */,
			);
			defaultConfigurationIsVisible = 0;
			defaultConfigurationName = Release;
		};
		FB653E331D853B2C009EF30F /* Build configuration list for PBXNativeTarget "YouTube" */ = {
			isa = XCConfigurationList;
			buildConfigurations = (
				FB653E341D853B2C009EF30F /* Debug */,
				FB653E351D853B2C009EF30F /* Release */,
			);
			defaultConfigurationIsVisible = 0;
			defaultConfigurationName = Release;
		};
/* End XCConfigurationList section */
	};
	rootObject = FB653E191D853B2C009EF30F /* Project object */;
}
